// !$*UTF8*$!
{
	archiveVersion = 1;
	classes = {
	};
	objectVersion = 55;
	objects = {

/* Begin PBXBuildFile section */
		4B75B457288D587C00C7F726 /* AppDelegate.swift in Sources */ = {isa = PBXBuildFile; fileRef = 4B75B456288D587C00C7F726 /* AppDelegate.swift */; };
		4B75B459288D587C00C7F726 /* SceneDelegate.swift in Sources */ = {isa = PBXBuildFile; fileRef = 4B75B458288D587C00C7F726 /* SceneDelegate.swift */; };
		4B75B45B288D587C00C7F726 /* ViewController.swift in Sources */ = {isa = PBXBuildFile; fileRef = 4B75B45A288D587C00C7F726 /* ViewController.swift */; };
		4B75B45E288D587C00C7F726 /* Main.storyboard in Resources */ = {isa = PBXBuildFile; fileRef = 4B75B45C288D587C00C7F726 /* Main.storyboard */; };
		4B75B460288D587D00C7F726 /* Assets.xcassets in Resources */ = {isa = PBXBuildFile; fileRef = 4B75B45F288D587D00C7F726 /* Assets.xcassets */; };
		4B75B463288D587D00C7F726 /* LaunchScreen.storyboard in Resources */ = {isa = PBXBuildFile; fileRef = 4B75B461288D587D00C7F726 /* LaunchScreen.storyboard */; };
		4B75B46C288D59EF00C7F726 /* lamp_off.png in Resources */ = {isa = PBXBuildFile; fileRef = 4B75B46A288D59EF00C7F726 /* lamp_off.png */; };
		4B75B46D288D59EF00C7F726 /* lamp_on.png in Resources */ = {isa = PBXBuildFile; fileRef = 4B75B46B288D59EF00C7F726 /* lamp_on.png */; };
		4B75B473288D5C3000C7F726 /* ImageViewController.swift in Sources */ = {isa = PBXBuildFile; fileRef = 4B75B472288D5C3000C7F726 /* ImageViewController.swift */; };
		4B75B475288D5C4300C7F726 /* DateViewController.swift in Sources */ = {isa = PBXBuildFile; fileRef = 4B75B474288D5C4300C7F726 /* DateViewController.swift */; };
		4B75B477288D5D9900C7F726 /* File.png in Resources */ = {isa = PBXBuildFile; fileRef = 4B75B476288D5D9900C7F726 /* File.png */; };
		4B75B479288D60D700C7F726 /* PickerViewController.swift in Sources */ = {isa = PBXBuildFile; fileRef = 4B75B478288D60D700C7F726 /* PickerViewController.swift */; };
		4B75B490288D624D00C7F726 /* 7.jpg in Resources */ = {isa = PBXBuildFile; fileRef = 4B75B486288D624D00C7F726 /* 7.jpg */; };
		4B75B491288D624D00C7F726 /* 4.jpg in Resources */ = {isa = PBXBuildFile; fileRef = 4B75B487288D624D00C7F726 /* 4.jpg */; };
		4B75B492288D624D00C7F726 /* 2.jpg in Resources */ = {isa = PBXBuildFile; fileRef = 4B75B488288D624D00C7F726 /* 2.jpg */; };
		4B75B493288D624D00C7F726 /* 6.jpg in Resources */ = {isa = PBXBuildFile; fileRef = 4B75B489288D624D00C7F726 /* 6.jpg */; };
		4B75B494288D624D00C7F726 /* 1.jpg in Resources */ = {isa = PBXBuildFile; fileRef = 4B75B48A288D624D00C7F726 /* 1.jpg */; };
		4B75B495288D624D00C7F726 /* 8.jpg in Resources */ = {isa = PBXBuildFile; fileRef = 4B75B48B288D624D00C7F726 /* 8.jpg */; };
		4B75B496288D624D00C7F726 /* 10.jpg in Resources */ = {isa = PBXBuildFile; fileRef = 4B75B48C288D624D00C7F726 /* 10.jpg */; };
		4B75B497288D624D00C7F726 /* 5.jpg in Resources */ = {isa = PBXBuildFile; fileRef = 4B75B48D288D624D00C7F726 /* 5.jpg */; };
		4B75B498288D624D00C7F726 /* 3.jpg in Resources */ = {isa = PBXBuildFile; fileRef = 4B75B48E288D624D00C7F726 /* 3.jpg */; };
		4B75B499288D624D00C7F726 /* 9.jpg in Resources */ = {isa = PBXBuildFile; fileRef = 4B75B48F288D624D00C7F726 /* 9.jpg */; };
/* End PBXBuildFile section */

/* Begin PBXFileReference section */
		4B75B453288D587C00C7F726 /* Tab.app */ = {isa = PBXFileReference; explicitFileType = wrapper.application; includeInIndex = 0; path = Tab.app; sourceTree = BUILT_PRODUCTS_DIR; };
		4B75B456288D587C00C7F726 /* AppDelegate.swift */ = {isa = PBXFileReference; lastKnownFileType = sourcecode.swift; path = AppDelegate.swift; sourceTree = "<group>"; };
		4B75B458288D587C00C7F726 /* SceneDelegate.swift */ = {isa = PBXFileReference; lastKnownFileType = sourcecode.swift; path = SceneDelegate.swift; sourceTree = "<group>"; };
		4B75B45A288D587C00C7F726 /* ViewController.swift */ = {isa = PBXFileReference; lastKnownFileType = sourcecode.swift; path = ViewController.swift; sourceTree = "<group>"; };
		4B75B45D288D587C00C7F726 /* Base */ = {isa = PBXFileReference; lastKnownFileType = file.storyboard; name = Base; path = Base.lproj/Main.storyboard; sourceTree = "<group>"; };
		4B75B45F288D587D00C7F726 /* Assets.xcassets */ = {isa = PBXFileReference; lastKnownFileType = folder.assetcatalog; path = Assets.xcassets; sourceTree = "<group>"; };
		4B75B462288D587D00C7F726 /* Base */ = {isa = PBXFileReference; lastKnownFileType = file.storyboard; name = Base; path = Base.lproj/LaunchScreen.storyboard; sourceTree = "<group>"; };
		4B75B464288D587D00C7F726 /* Info.plist */ = {isa = PBXFileReference; lastKnownFileType = text.plist.xml; path = Info.plist; sourceTree = "<group>"; };
		4B75B46A288D59EF00C7F726 /* lamp_off.png */ = {isa = PBXFileReference; lastKnownFileType = image.png; name = lamp_off.png; path = ../../../03/ImageView/ImageView/lamp_off.png; sourceTree = "<group>"; };
		4B75B46B288D59EF00C7F726 /* lamp_on.png */ = {isa = PBXFileReference; lastKnownFileType = image.png; name = lamp_on.png; path = ../../../03/ImageView/ImageView/lamp_on.png; sourceTree = "<group>"; };
		4B75B472288D5C3000C7F726 /* ImageViewController.swift */ = {isa = PBXFileReference; fileEncoding = 4; lastKnownFileType = sourcecode.swift; name = ImageViewController.swift; path = ../../../03/ImageView/ImageView/ImageViewController.swift; sourceTree = "<group>"; };
		4B75B474288D5C4300C7F726 /* DateViewController.swift */ = {isa = PBXFileReference; fileEncoding = 4; lastKnownFileType = sourcecode.swift; name = DateViewController.swift; path = ../../../04/DatePicker/DatePicker/DateViewController.swift; sourceTree = "<group>"; };
		4B75B476288D5D9900C7F726 /* File.png */ = {isa = PBXFileReference; lastKnownFileType = image.png; path = File.png; sourceTree = "<group>"; };
		4B75B478288D60D700C7F726 /* PickerViewController.swift */ = {isa = PBXFileReference; fileEncoding = 4; lastKnownFileType = sourcecode.swift; name = PickerViewController.swift; path = ../../../05/PickerView/PickerView/PickerViewController.swift; sourceTree = "<group>"; };
		4B75B486288D624D00C7F726 /* 7.jpg */ = {isa = PBXFileReference; lastKnownFileType = image.jpeg; path = 7.jpg; sourceTree = "<group>"; };
		4B75B487288D624D00C7F726 /* 4.jpg */ = {isa = PBXFileReference; lastKnownFileType = image.jpeg; path = 4.jpg; sourceTree = "<group>"; };
		4B75B488288D624D00C7F726 /* 2.jpg */ = {isa = PBXFileReference; lastKnownFileType = image.jpeg; path = 2.jpg; sourceTree = "<group>"; };
		4B75B489288D624D00C7F726 /* 6.jpg */ = {isa = PBXFileReference; lastKnownFileType = image.jpeg; path = 6.jpg; sourceTree = "<group>"; };
		4B75B48A288D624D00C7F726 /* 1.jpg */ = {isa = PBXFileReference; lastKnownFileType = image.jpeg; path = 1.jpg; sourceTree = "<group>"; };
		4B75B48B288D624D00C7F726 /* 8.jpg */ = {isa = PBXFileReference; lastKnownFileType = image.jpeg; path = 8.jpg; sourceTree = "<group>"; };
		4B75B48C288D624D00C7F726 /* 10.jpg */ = {isa = PBXFileReference; lastKnownFileType = image.jpeg; path = 10.jpg; sourceTree = "<group>"; };
		4B75B48D288D624D00C7F726 /* 5.jpg */ = {isa = PBXFileReference; lastKnownFileType = image.jpeg; path = 5.jpg; sourceTree = "<group>"; };
		4B75B48E288D624D00C7F726 /* 3.jpg */ = {isa = PBXFileReference; lastKnownFileType = image.jpeg; path = 3.jpg; sourceTree = "<group>"; };
		4B75B48F288D624D00C7F726 /* 9.jpg */ = {isa = PBXFileReference; lastKnownFileType = image.jpeg; path = 9.jpg; sourceTree = "<group>"; };
/* End PBXFileReference section */

/* Begin PBXFrameworksBuildPhase section */
		4B75B450288D587C00C7F726 /* Frameworks */ = {
			isa = PBXFrameworksBuildPhase;
			buildActionMask = 2147483647;
			files = (
			);
			runOnlyForDeploymentPostprocessing = 0;
		};
/* End PBXFrameworksBuildPhase section */

/* Begin PBXGroup section */
		4B75B44A288D587C00C7F726 = {
			isa = PBXGroup;
			children = (
				4B75B455288D587C00C7F726 /* Tab */,
				4B75B454288D587C00C7F726 /* Products */,
			);
			sourceTree = "<group>";
		};
		4B75B454288D587C00C7F726 /* Products */ = {
			isa = PBXGroup;
			children = (
				4B75B453288D587C00C7F726 /* Tab.app */,
			);
			name = Products;
			sourceTree = "<group>";
		};
		4B75B455288D587C00C7F726 /* Tab */ = {
			isa = PBXGroup;
			children = (
				4B75B48A288D624D00C7F726 /* 1.jpg */,
				4B75B488288D624D00C7F726 /* 2.jpg */,
				4B75B48E288D624D00C7F726 /* 3.jpg */,
				4B75B487288D624D00C7F726 /* 4.jpg */,
				4B75B48D288D624D00C7F726 /* 5.jpg */,
				4B75B489288D624D00C7F726 /* 6.jpg */,
				4B75B486288D624D00C7F726 /* 7.jpg */,
				4B75B48B288D624D00C7F726 /* 8.jpg */,
				4B75B48F288D624D00C7F726 /* 9.jpg */,
				4B75B48C288D624D00C7F726 /* 10.jpg */,
				4B75B46A288D59EF00C7F726 /* lamp_off.png */,
				4B75B46B288D59EF00C7F726 /* lamp_on.png */,
				4B75B476288D5D9900C7F726 /* File.png */,
				4B75B456288D587C00C7F726 /* AppDelegate.swift */,
				4B75B458288D587C00C7F726 /* SceneDelegate.swift */,
				4B75B45A288D587C00C7F726 /* ViewController.swift */,
				4B75B472288D5C3000C7F726 /* ImageViewController.swift */,
				4B75B474288D5C4300C7F726 /* DateViewController.swift */,
				4B75B478288D60D700C7F726 /* PickerViewController.swift */,
				4B75B45C288D587C00C7F726 /* Main.storyboard */,
				4B75B45F288D587D00C7F726 /* Assets.xcassets */,
				4B75B461288D587D00C7F726 /* LaunchScreen.storyboard */,
				4B75B464288D587D00C7F726 /* Info.plist */,
			);
			path = Tab;
			sourceTree = "<group>";
		};
/* End PBXGroup section */

/* Begin PBXNativeTarget section */
		4B75B452288D587C00C7F726 /* Tab */ = {
			isa = PBXNativeTarget;
			buildConfigurationList = 4B75B467288D587D00C7F726 /* Build configuration list for PBXNativeTarget "Tab" */;
			buildPhases = (
				4B75B44F288D587C00C7F726 /* Sources */,
				4B75B450288D587C00C7F726 /* Frameworks */,
				4B75B451288D587C00C7F726 /* Resources */,
			);
			buildRules = (
			);
			dependencies = (
			);
			name = Tab;
			productName = Tab;
			productReference = 4B75B453288D587C00C7F726 /* Tab.app */;
			productType = "com.apple.product-type.application";
		};
/* End PBXNativeTarget section */

/* Begin PBXProject section */
		4B75B44B288D587C00C7F726 /* Project object */ = {
			isa = PBXProject;
			attributes = {
				BuildIndependentTargetsInParallel = 1;
				LastSwiftUpdateCheck = 1340;
				LastUpgradeCheck = 1340;
				TargetAttributes = {
					4B75B452288D587C00C7F726 = {
						CreatedOnToolsVersion = 13.4.1;
					};
				};
			};
			buildConfigurationList = 4B75B44E288D587C00C7F726 /* Build configuration list for PBXProject "Tab" */;
			compatibilityVersion = "Xcode 13.0";
			developmentRegion = en;
			hasScannedForEncodings = 0;
			knownRegions = (
				en,
				Base,
			);
			mainGroup = 4B75B44A288D587C00C7F726;
			productRefGroup = 4B75B454288D587C00C7F726 /* Products */;
			projectDirPath = "";
			projectRoot = "";
			targets = (
				4B75B452288D587C00C7F726 /* Tab */,
			);
		};
/* End PBXProject section */

/* Begin PBXResourcesBuildPhase section */
		4B75B451288D587C00C7F726 /* Resources */ = {
			isa = PBXResourcesBuildPhase;
			buildActionMask = 2147483647;
			files = (
				4B75B498288D624D00C7F726 /* 3.jpg in Resources */,
				4B75B496288D624D00C7F726 /* 10.jpg in Resources */,
				4B75B495288D624D00C7F726 /* 8.jpg in Resources */,
				4B75B494288D624D00C7F726 /* 1.jpg in Resources */,
				4B75B491288D624D00C7F726 /* 4.jpg in Resources */,
				4B75B463288D587D00C7F726 /* LaunchScreen.storyboard in Resources */,
				4B75B460288D587D00C7F726 /* Assets.xcassets in Resources */,
				4B75B492288D624D00C7F726 /* 2.jpg in Resources */,
				4B75B493288D624D00C7F726 /* 6.jpg in Resources */,
				4B75B46D288D59EF00C7F726 /* lamp_on.png in Resources */,
				4B75B490288D624D00C7F726 /* 7.jpg in Resources */,
				4B75B477288D5D9900C7F726 /* File.png in Resources */,
				4B75B497288D624D00C7F726 /* 5.jpg in Resources */,
				4B75B499288D624D00C7F726 /* 9.jpg in Resources */,
				4B75B45E288D587C00C7F726 /* Main.storyboard in Resources */,
				4B75B46C288D59EF00C7F726 /* lamp_off.png in Resources */,
			);
			runOnlyForDeploymentPostprocessing = 0;
		};
/* End PBXResourcesBuildPhase section */

/* Begin PBXSourcesBuildPhase section */
		4B75B44F288D587C00C7F726 /* Sources */ = {
			isa = PBXSourcesBuildPhase;
			buildActionMask = 2147483647;
			files = (
				4B75B479288D60D700C7F726 /* PickerViewController.swift in Sources */,
				4B75B475288D5C4300C7F726 /* DateViewController.swift in Sources */,
				4B75B45B288D587C00C7F726 /* ViewController.swift in Sources */,
				4B75B457288D587C00C7F726 /* AppDelegate.swift in Sources */,
				4B75B473288D5C3000C7F726 /* ImageViewController.swift in Sources */,
				4B75B459288D587C00C7F726 /* SceneDelegate.swift in Sources */,
			);
			runOnlyForDeploymentPostprocessing = 0;
		};
/* End PBXSourcesBuildPhase section */

/* Begin PBXVariantGroup section */
		4B75B45C288D587C00C7F726 /* Main.storyboard */ = {
			isa = PBXVariantGroup;
			children = (
				4B75B45D288D587C00C7F726 /* Base */,
			);
			name = Main.storyboard;
			sourceTree = "<group>";
		};
		4B75B461288D587D00C7F726 /* LaunchScreen.storyboard */ = {
			isa = PBXVariantGroup;
			children = (
				4B75B462288D587D00C7F726 /* Base */,
			);
			name = LaunchScreen.storyboard;
			sourceTree = "<group>";
		};
/* End PBXVariantGroup section */

/* Begin XCBuildConfiguration section */
		4B75B465288D587D00C7F726 /* Debug */ = {
			isa = XCBuildConfiguration;
			buildSettings = {
				ALWAYS_SEARCH_USER_PATHS = NO;
				CLANG_ANALYZER_NONNULL = YES;
				CLANG_ANALYZER_NUMBER_OBJECT_CONVERSION = YES_AGGRESSIVE;
				CLANG_CXX_LANGUAGE_STANDARD = "gnu++17";
				CLANG_ENABLE_MODULES = YES;
				CLANG_ENABLE_OBJC_ARC = YES;
				CLANG_ENABLE_OBJC_WEAK = YES;
				CLANG_WARN_BLOCK_CAPTURE_AUTORELEASING = YES;
				CLANG_WARN_BOOL_CONVERSION = YES;
				CLANG_WARN_COMMA = YES;
				CLANG_WARN_CONSTANT_CONVERSION = YES;
				CLANG_WARN_DEPRECATED_OBJC_IMPLEMENTATIONS = YES;
				CLANG_WARN_DIRECT_OBJC_ISA_USAGE = YES_ERROR;
				CLANG_WARN_DOCUMENTATION_COMMENTS = YES;
				CLANG_WARN_EMPTY_BODY = YES;
				CLANG_WARN_ENUM_CONVERSION = YES;
				CLANG_WARN_INFINITE_RECURSION = YES;
				CLANG_WARN_INT_CONVERSION = YES;
				CLANG_WARN_NON_LITERAL_NULL_CONVERSION = YES;
				CLANG_WARN_OBJC_IMPLICIT_RETAIN_SELF = YES;
				CLANG_WARN_OBJC_LITERAL_CONVERSION = YES;
				CLANG_WARN_OBJC_ROOT_CLASS = YES_ERROR;
				CLANG_WARN_QUOTED_INCLUDE_IN_FRAMEWORK_HEADER = YES;
				CLANG_WARN_RANGE_LOOP_ANALYSIS = YES;
				CLANG_WARN_STRICT_PROTOTYPES = YES;
				CLANG_WARN_SUSPICIOUS_MOVE = YES;
				CLANG_WARN_UNGUARDED_AVAILABILITY = YES_AGGRESSIVE;
				CLANG_WARN_UNREACHABLE_CODE = YES;
				CLANG_WARN__DUPLICATE_METHOD_MATCH = YES;
				COPY_PHASE_STRIP = NO;
				DEBUG_INFORMATION_FORMAT = dwarf;
				ENABLE_STRICT_OBJC_MSGSEND = YES;
				ENABLE_TESTABILITY = YES;
				GCC_C_LANGUAGE_STANDARD = gnu11;
				GCC_DYNAMIC_NO_PIC = NO;
				GCC_NO_COMMON_BLOCKS = YES;
				GCC_OPTIMIZATION_LEVEL = 0;
				GCC_PREPROCESSOR_DEFINITIONS = (
					"DEBUG=1",
					"$(inherited)",
				);
				GCC_WARN_64_TO_32_BIT_CONVERSION = YES;
				GCC_WARN_ABOUT_RETURN_TYPE = YES_ERROR;
				GCC_WARN_UNDECLARED_SELECTOR = YES;
				GCC_WARN_UNINITIALIZED_AUTOS = YES_AGGRESSIVE;
				GCC_WARN_UNUSED_FUNCTION = YES;
				GCC_WARN_UNUSED_VARIABLE = YES;
				IPHONEOS_DEPLOYMENT_TARGET = 15.5;
				MTL_ENABLE_DEBUG_INFO = INCLUDE_SOURCE;
				MTL_FAST_MATH = YES;
				ONLY_ACTIVE_ARCH = YES;
				SDKROOT = iphoneos;
				SWIFT_ACTIVE_COMPILATION_CONDITIONS = DEBUG;
				SWIFT_OPTIMIZATION_LEVEL = "-Onone";
			};
			name = Debug;
		};
		4B75B466288D587D00C7F726 /* Release */ = {
			isa = XCBuildConfiguration;
			buildSettings = {
				ALWAYS_SEARCH_USER_PATHS = NO;
				CLANG_ANALYZER_NONNULL = YES;
				CLANG_ANALYZER_NUMBER_OBJECT_CONVERSION = YES_AGGRESSIVE;
				CLANG_CXX_LANGUAGE_STANDARD = "gnu++17";
				CLANG_ENABLE_MODULES = YES;
				CLANG_ENABLE_OBJC_ARC = YES;
				CLANG_ENABLE_OBJC_WEAK = YES;
				CLANG_WARN_BLOCK_CAPTURE_AUTORELEASING = YES;
				CLANG_WARN_BOOL_CONVERSION = YES;
				CLANG_WARN_COMMA = YES;
				CLANG_WARN_CONSTANT_CONVERSION = YES;
				CLANG_WARN_DEPRECATED_OBJC_IMPLEMENTATIONS = YES;
				CLANG_WARN_DIRECT_OBJC_ISA_USAGE = YES_ERROR;
				CLANG_WARN_DOCUMENTATION_COMMENTS = YES;
				CLANG_WARN_EMPTY_BODY = YES;
				CLANG_WARN_ENUM_CONVERSION = YES;
				CLANG_WARN_INFINITE_RECURSION = YES;
				CLANG_WARN_INT_CONVERSION = YES;
				CLANG_WARN_NON_LITERAL_NULL_CONVERSION = YES;
				CLANG_WARN_OBJC_IMPLICIT_RETAIN_SELF = YES;
				CLANG_WARN_OBJC_LITERAL_CONVERSION = YES;
				CLANG_WARN_OBJC_ROOT_CLASS = YES_ERROR;
				CLANG_WARN_QUOTED_INCLUDE_IN_FRAMEWORK_HEADER = YES;
				CLANG_WARN_RANGE_LOOP_ANALYSIS = YES;
				CLANG_WARN_STRICT_PROTOTYPES = YES;
				CLANG_WARN_SUSPICIOUS_MOVE = YES;
				CLANG_WARN_UNGUARDED_AVAILABILITY = YES_AGGRESSIVE;
				CLANG_WARN_UNREACHABLE_CODE = YES;
				CLANG_WARN__DUPLICATE_METHOD_MATCH = YES;
				COPY_PHASE_STRIP = NO;
				DEBUG_INFORMATION_FORMAT = "dwarf-with-dsym";
				ENABLE_NS_ASSERTIONS = NO;
				ENABLE_STRICT_OBJC_MSGSEND = YES;
				GCC_C_LANGUAGE_STANDARD = gnu11;
				GCC_NO_COMMON_BLOCKS = YES;
				GCC_WARN_64_TO_32_BIT_CONVERSION = YES;
				GCC_WARN_ABOUT_RETURN_TYPE = YES_ERROR;
				GCC_WARN_UNDECLARED_SELECTOR = YES;
				GCC_WARN_UNINITIALIZED_AUTOS = YES_AGGRESSIVE;
				GCC_WARN_UNUSED_FUNCTION = YES;
				GCC_WARN_UNUSED_VARIABLE = YES;
				IPHONEOS_DEPLOYMENT_TARGET = 15.5;
				MTL_ENABLE_DEBUG_INFO = NO;
				MTL_FAST_MATH = YES;
				SDKROOT = iphoneos;
				SWIFT_COMPILATION_MODE = wholemodule;
				SWIFT_OPTIMIZATION_LEVEL = "-O";
				VALIDATE_PRODUCT = YES;
			};
			name = Release;
		};
		4B75B468288D587D00C7F726 /* Debug */ = {
			isa = XCBuildConfiguration;
			buildSettings = {
				ASSETCATALOG_COMPILER_APPICON_NAME = AppIcon;
				ASSETCATALOG_COMPILER_GLOBAL_ACCENT_COLOR_NAME = AccentColor;
				CODE_SIGN_STYLE = Automatic;
				CURRENT_PROJECT_VERSION = 1;
				GENERATE_INFOPLIST_FILE = YES;
				INFOPLIST_FILE = Tab/Info.plist;
				INFOPLIST_KEY_UIApplicationSupportsIndirectInputEvents = YES;
				INFOPLIST_KEY_UILaunchStoryboardName = LaunchScreen;
				INFOPLIST_KEY_UIMainStoryboardFile = Main;
				INFOPLIST_KEY_UISupportedInterfaceOrientations_iPad = "UIInterfaceOrientationPortrait UIInterfaceOrientationPortraitUpsideDown UIInterfaceOrientationLandscapeLeft UIInterfaceOrientationLandscapeRight";
				INFOPLIST_KEY_UISupportedInterfaceOrientations_iPhone = "UIInterfaceOrientationPortrait UIInterfaceOrientationLandscapeLeft UIInterfaceOrientationLandscapeRight";
				LD_RUNPATH_SEARCH_PATHS = (
					"$(inherited)",
					"@executable_path/Frameworks",
				);
				MARKETING_VERSION = 1.0;
				PRODUCT_BUNDLE_IDENTIFIER = com.myProject.Tab;
				PRODUCT_NAME = "$(TARGET_NAME)";
				SWIFT_EMIT_LOC_STRINGS = YES;
				SWIFT_VERSION = 5.0;
				TARGETED_DEVICE_FAMILY = "1,2";
			};
			name = Debug;
		};
		4B75B469288D587D00C7F726 /* Release */ = {
			isa = XCBuildConfiguration;
			buildSettings = {
				ASSETCATALOG_COMPILER_APPICON_NAME = AppIcon;
				ASSETCATALOG_COMPILER_GLOBAL_ACCENT_COLOR_NAME = AccentColor;
				CODE_SIGN_STYLE = Automatic;
				CURRENT_PROJECT_VERSION = 1;
				GENERATE_INFOPLIST_FILE = YES;
				INFOPLIST_FILE = Tab/Info.plist;
				INFOPLIST_KEY_UIApplicationSupportsIndirectInputEvents = YES;
				INFOPLIST_KEY_UILaunchStoryboardName = LaunchScreen;
				INFOPLIST_KEY_UIMainStoryboardFile = Main;
				INFOPLIST_KEY_UISupportedInterfaceOrientations_iPad = "UIInterfaceOrientationPortrait UIInterfaceOrientationPortraitUpsideDown UIInterfaceOrientationLandscapeLeft UIInterfaceOrientationLandscapeRight";
				INFOPLIST_KEY_UISupportedInterfaceOrientations_iPhone = "UIInterfaceOrientationPortrait UIInterfaceOrientationLandscapeLeft UIInterfaceOrientationLandscapeRight";
				LD_RUNPATH_SEARCH_PATHS = (
					"$(inherited)",
					"@executable_path/Frameworks",
				);
				MARKETING_VERSION = 1.0;
				PRODUCT_BUNDLE_IDENTIFIER = com.myProject.Tab;
				PRODUCT_NAME = "$(TARGET_NAME)";
				SWIFT_EMIT_LOC_STRINGS = YES;
				SWIFT_VERSION = 5.0;
				TARGETED_DEVICE_FAMILY = "1,2";
			};
			name = Release;
		};
/* End XCBuildConfiguration section */

/* Begin XCConfigurationList section */
		4B75B44E288D587C00C7F726 /* Build configuration list for PBXProject "Tab" */ = {
			isa = XCConfigurationList;
			buildConfigurations = (
				4B75B465288D587D00C7F726 /* Debug */,
				4B75B466288D587D00C7F726 /* Release */,
			);
			defaultConfigurationIsVisible = 0;
			defaultConfigurationName = Release;
		};
		4B75B467288D587D00C7F726 /* Build configuration list for PBXNativeTarget "Tab" */ = {
			isa = XCConfigurationList;
			buildConfigurations = (
				4B75B468288D587D00C7F726 /* Debug */,
				4B75B469288D587D00C7F726 /* Release */,
			);
			defaultConfigurationIsVisible = 0;
			defaultConfigurationName = Release;
		};
/* End XCConfigurationList section */
	};
	rootObject = 4B75B44B288D587C00C7F726 /* Project object */;
}
