// !$*UTF8*$!
{
	archiveVersion = 1;
	classes = {
	};
	objectVersion = 55;
	objects = {

/* Begin PBXBuildFile section */
		4B12C131289FFF6B00839A6F /* AppDelegate.swift in Sources */ = {isa = PBXBuildFile; fileRef = 4B12C130289FFF6B00839A6F /* AppDelegate.swift */; };
		4B12C133289FFF6B00839A6F /* SceneDelegate.swift in Sources */ = {isa = PBXBuildFile; fileRef = 4B12C132289FFF6B00839A6F /* SceneDelegate.swift */; };
		4B12C135289FFF6B00839A6F /* ViewController.swift in Sources */ = {isa = PBXBuildFile; fileRef = 4B12C134289FFF6B00839A6F /* ViewController.swift */; };
		4B12C138289FFF6B00839A6F /* Main.storyboard in Resources */ = {isa = PBXBuildFile; fileRef = 4B12C136289FFF6B00839A6F /* Main.storyboard */; };
		4B12C13A289FFF6C00839A6F /* Assets.xcassets in Resources */ = {isa = PBXBuildFile; fileRef = 4B12C139289FFF6C00839A6F /* Assets.xcassets */; };
		4B12C13D289FFF6C00839A6F /* LaunchScreen.storyboard in Resources */ = {isa = PBXBuildFile; fileRef = 4B12C13B289FFF6C00839A6F /* LaunchScreen.storyboard */; };
		4B12C14C28A0000000839A6F /* 04.png in Resources */ = {isa = PBXBuildFile; fileRef = 4B12C146289FFFFF00839A6F /* 04.png */; };
		4B12C14D28A0000000839A6F /* 02.png in Resources */ = {isa = PBXBuildFile; fileRef = 4B12C147289FFFFF00839A6F /* 02.png */; };
		4B12C14E28A0000000839A6F /* 06.png in Resources */ = {isa = PBXBuildFile; fileRef = 4B12C148289FFFFF00839A6F /* 06.png */; };
		4B12C14F28A0000000839A6F /* 01.png in Resources */ = {isa = PBXBuildFile; fileRef = 4B12C14928A0000000839A6F /* 01.png */; };
		4B12C15028A0000000839A6F /* 05.png in Resources */ = {isa = PBXBuildFile; fileRef = 4B12C14A28A0000000839A6F /* 05.png */; };
		4B12C15128A0000000839A6F /* 03.png in Resources */ = {isa = PBXBuildFile; fileRef = 4B12C14B28A0000000839A6F /* 03.png */; };
/* End PBXBuildFile section */

/* Begin PBXFileReference section */
		4B12C12D289FFF6B00839A6F /* SwipePageControl.app */ = {isa = PBXFileReference; explicitFileType = wrapper.application; includeInIndex = 0; path = SwipePageControl.app; sourceTree = BUILT_PRODUCTS_DIR; };
		4B12C130289FFF6B00839A6F /* AppDelegate.swift */ = {isa = PBXFileReference; lastKnownFileType = sourcecode.swift; path = AppDelegate.swift; sourceTree = "<group>"; };
		4B12C132289FFF6B00839A6F /* SceneDelegate.swift */ = {isa = PBXFileReference; lastKnownFileType = sourcecode.swift; path = SceneDelegate.swift; sourceTree = "<group>"; };
		4B12C134289FFF6B00839A6F /* ViewController.swift */ = {isa = PBXFileReference; lastKnownFileType = sourcecode.swift; path = ViewController.swift; sourceTree = "<group>"; };
		4B12C137289FFF6B00839A6F /* Base */ = {isa = PBXFileReference; lastKnownFileType = file.storyboard; name = Base; path = Base.lproj/Main.storyboard; sourceTree = "<group>"; };
		4B12C139289FFF6C00839A6F /* Assets.xcassets */ = {isa = PBXFileReference; lastKnownFileType = folder.assetcatalog; path = Assets.xcassets; sourceTree = "<group>"; };
		4B12C13C289FFF6C00839A6F /* Base */ = {isa = PBXFileReference; lastKnownFileType = file.storyboard; name = Base; path = Base.lproj/LaunchScreen.storyboard; sourceTree = "<group>"; };
		4B12C13E289FFF6C00839A6F /* Info.plist */ = {isa = PBXFileReference; lastKnownFileType = text.plist.xml; path = Info.plist; sourceTree = "<group>"; };
		4B12C146289FFFFF00839A6F /* 04.png */ = {isa = PBXFileReference; lastKnownFileType = image.png; name = 04.png; path = ../../../../09/PageControl/PageControl/images/04.png; sourceTree = "<group>"; };
		4B12C147289FFFFF00839A6F /* 02.png */ = {isa = PBXFileReference; lastKnownFileType = image.png; name = 02.png; path = ../../../../09/PageControl/PageControl/images/02.png; sourceTree = "<group>"; };
		4B12C148289FFFFF00839A6F /* 06.png */ = {isa = PBXFileReference; lastKnownFileType = image.png; name = 06.png; path = ../../../../09/PageControl/PageControl/images/06.png; sourceTree = "<group>"; };
		4B12C14928A0000000839A6F /* 01.png */ = {isa = PBXFileReference; lastKnownFileType = image.png; name = 01.png; path = ../../../../09/PageControl/PageControl/images/01.png; sourceTree = "<group>"; };
		4B12C14A28A0000000839A6F /* 05.png */ = {isa = PBXFileReference; lastKnownFileType = image.png; name = 05.png; path = ../../../../09/PageControl/PageControl/images/05.png; sourceTree = "<group>"; };
		4B12C14B28A0000000839A6F /* 03.png */ = {isa = PBXFileReference; lastKnownFileType = image.png; name = 03.png; path = ../../../../09/PageControl/PageControl/images/03.png; sourceTree = "<group>"; };
/* End PBXFileReference section */

/* Begin PBXFrameworksBuildPhase section */
		4B12C12A289FFF6B00839A6F /* Frameworks */ = {
			isa = PBXFrameworksBuildPhase;
			buildActionMask = 2147483647;
			files = (
			);
			runOnlyForDeploymentPostprocessing = 0;
		};
/* End PBXFrameworksBuildPhase section */

/* Begin PBXGroup section */
		4B12C124289FFF6B00839A6F = {
			isa = PBXGroup;
			children = (
				4B12C12F289FFF6B00839A6F /* SwipePageControl */,
				4B12C12E289FFF6B00839A6F /* Products */,
			);
			sourceTree = "<group>";
		};
		4B12C12E289FFF6B00839A6F /* Products */ = {
			isa = PBXGroup;
			children = (
				4B12C12D289FFF6B00839A6F /* SwipePageControl.app */,
			);
			name = Products;
			sourceTree = "<group>";
		};
		4B12C12F289FFF6B00839A6F /* SwipePageControl */ = {
			isa = PBXGroup;
			children = (
				4B12C145289FFFF600839A6F /* images */,
				4B12C130289FFF6B00839A6F /* AppDelegate.swift */,
				4B12C132289FFF6B00839A6F /* SceneDelegate.swift */,
				4B12C134289FFF6B00839A6F /* ViewController.swift */,
				4B12C136289FFF6B00839A6F /* Main.storyboard */,
				4B12C139289FFF6C00839A6F /* Assets.xcassets */,
				4B12C13B289FFF6C00839A6F /* LaunchScreen.storyboard */,
				4B12C13E289FFF6C00839A6F /* Info.plist */,
			);
			path = SwipePageControl;
			sourceTree = "<group>";
		};
		4B12C145289FFFF600839A6F /* images */ = {
			isa = PBXGroup;
			children = (
				4B12C14928A0000000839A6F /* 01.png */,
				4B12C147289FFFFF00839A6F /* 02.png */,
				4B12C14B28A0000000839A6F /* 03.png */,
				4B12C146289FFFFF00839A6F /* 04.png */,
				4B12C14A28A0000000839A6F /* 05.png */,
				4B12C148289FFFFF00839A6F /* 06.png */,
			);
			path = images;
			sourceTree = "<group>";
		};
/* End PBXGroup section */

/* Begin PBXNativeTarget section */
		4B12C12C289FFF6B00839A6F /* SwipePageControl */ = {
			isa = PBXNativeTarget;
			buildConfigurationList = 4B12C141289FFF6C00839A6F /* Build configuration list for PBXNativeTarget "SwipePageControl" */;
			buildPhases = (
				4B12C129289FFF6B00839A6F /* Sources */,
				4B12C12A289FFF6B00839A6F /* Frameworks */,
				4B12C12B289FFF6B00839A6F /* Resources */,
			);
			buildRules = (
			);
			dependencies = (
			);
			name = SwipePageControl;
			productName = SwipePageControl;
			productReference = 4B12C12D289FFF6B00839A6F /* SwipePageControl.app */;
			productType = "com.apple.product-type.application";
		};
/* End PBXNativeTarget section */

/* Begin PBXProject section */
		4B12C125289FFF6B00839A6F /* Project object */ = {
			isa = PBXProject;
			attributes = {
				BuildIndependentTargetsInParallel = 1;
				LastSwiftUpdateCheck = 1340;
				LastUpgradeCheck = 1340;
				TargetAttributes = {
					4B12C12C289FFF6B00839A6F = {
						CreatedOnToolsVersion = 13.4.1;
					};
				};
			};
			buildConfigurationList = 4B12C128289FFF6B00839A6F /* Build configuration list for PBXProject "SwipePageControl" */;
			compatibilityVersion = "Xcode 13.0";
			developmentRegion = en;
			hasScannedForEncodings = 0;
			knownRegions = (
				en,
				Base,
			);
			mainGroup = 4B12C124289FFF6B00839A6F;
			productRefGroup = 4B12C12E289FFF6B00839A6F /* Products */;
			projectDirPath = "";
			projectRoot = "";
			targets = (
				4B12C12C289FFF6B00839A6F /* SwipePageControl */,
			);
		};
/* End PBXProject section */

/* Begin PBXResourcesBuildPhase section */
		4B12C12B289FFF6B00839A6F /* Resources */ = {
			isa = PBXResourcesBuildPhase;
			buildActionMask = 2147483647;
			files = (
				4B12C14D28A0000000839A6F /* 02.png in Resources */,
				4B12C14E28A0000000839A6F /* 06.png in Resources */,
				4B12C13D289FFF6C00839A6F /* LaunchScreen.storyboard in Resources */,
				4B12C14C28A0000000839A6F /* 04.png in Resources */,
				4B12C13A289FFF6C00839A6F /* Assets.xcassets in Resources */,
				4B12C138289FFF6B00839A6F /* Main.storyboard in Resources */,
				4B12C15028A0000000839A6F /* 05.png in Resources */,
				4B12C15128A0000000839A6F /* 03.png in Resources */,
				4B12C14F28A0000000839A6F /* 01.png in Resources */,
			);
			runOnlyForDeploymentPostprocessing = 0;
		};
/* End PBXResourcesBuildPhase section */

/* Begin PBXSourcesBuildPhase section */
		4B12C129289FFF6B00839A6F /* Sources */ = {
			isa = PBXSourcesBuildPhase;
			buildActionMask = 2147483647;
			files = (
				4B12C135289FFF6B00839A6F /* ViewController.swift in Sources */,
				4B12C131289FFF6B00839A6F /* AppDelegate.swift in Sources */,
				4B12C133289FFF6B00839A6F /* SceneDelegate.swift in Sources */,
			);
			runOnlyForDeploymentPostprocessing = 0;
		};
/* End PBXSourcesBuildPhase section */

/* Begin PBXVariantGroup section */
		4B12C136289FFF6B00839A6F /* Main.storyboard */ = {
			isa = PBXVariantGroup;
			children = (
				4B12C137289FFF6B00839A6F /* Base */,
			);
			name = Main.storyboard;
			sourceTree = "<group>";
		};
		4B12C13B289FFF6C00839A6F /* LaunchScreen.storyboard */ = {
			isa = PBXVariantGroup;
			children = (
				4B12C13C289FFF6C00839A6F /* Base */,
			);
			name = LaunchScreen.storyboard;
			sourceTree = "<group>";
		};
/* End PBXVariantGroup section */

/* Begin XCBuildConfiguration section */
		4B12C13F289FFF6C00839A6F /* Debug */ = {
			isa = XCBuildConfiguration;
			buildSettings = {
				ALWAYS_SEARCH_USER_PATHS = NO;
				CLANG_ANALYZER_NONNULL = YES;
				CLANG_ANALYZER_NUMBER_OBJECT_CONVERSION = YES_AGGRESSIVE;
				CLANG_CXX_LANGUAGE_STANDARD = "gnu++17";
				CLANG_ENABLE_MODULES = YES;
				CLANG_ENABLE_OBJC_ARC = YES;
				CLANG_ENABLE_OBJC_WEAK = YES;
				CLANG_WARN_BLOCK_CAPTURE_AUTORELEASING = YES;
				CLANG_WARN_BOOL_CONVERSION = YES;
				CLANG_WARN_COMMA = YES;
				CLANG_WARN_CONSTANT_CONVERSION = YES;
				CLANG_WARN_DEPRECATED_OBJC_IMPLEMENTATIONS = YES;
				CLANG_WARN_DIRECT_OBJC_ISA_USAGE = YES_ERROR;
				CLANG_WARN_DOCUMENTATION_COMMENTS = YES;
				CLANG_WARN_EMPTY_BODY = YES;
				CLANG_WARN_ENUM_CONVERSION = YES;
				CLANG_WARN_INFINITE_RECURSION = YES;
				CLANG_WARN_INT_CONVERSION = YES;
				CLANG_WARN_NON_LITERAL_NULL_CONVERSION = YES;
				CLANG_WARN_OBJC_IMPLICIT_RETAIN_SELF = YES;
				CLANG_WARN_OBJC_LITERAL_CONVERSION = YES;
				CLANG_WARN_OBJC_ROOT_CLASS = YES_ERROR;
				CLANG_WARN_QUOTED_INCLUDE_IN_FRAMEWORK_HEADER = YES;
				CLANG_WARN_RANGE_LOOP_ANALYSIS = YES;
				CLANG_WARN_STRICT_PROTOTYPES = YES;
				CLANG_WARN_SUSPICIOUS_MOVE = YES;
				CLANG_WARN_UNGUARDED_AVAILABILITY = YES_AGGRESSIVE;
				CLANG_WARN_UNREACHABLE_CODE = YES;
				CLANG_WARN__DUPLICATE_METHOD_MATCH = YES;
				COPY_PHASE_STRIP = NO;
				DEBUG_INFORMATION_FORMAT = dwarf;
				ENABLE_STRICT_OBJC_MSGSEND = YES;
				ENABLE_TESTABILITY = YES;
				GCC_C_LANGUAGE_STANDARD = gnu11;
				GCC_DYNAMIC_NO_PIC = NO;
				GCC_NO_COMMON_BLOCKS = YES;
				GCC_OPTIMIZATION_LEVEL = 0;
				GCC_PREPROCESSOR_DEFINITIONS = (
					"DEBUG=1",
					"$(inherited)",
				);
				GCC_WARN_64_TO_32_BIT_CONVERSION = YES;
				GCC_WARN_ABOUT_RETURN_TYPE = YES_ERROR;
				GCC_WARN_UNDECLARED_SELECTOR = YES;
				GCC_WARN_UNINITIALIZED_AUTOS = YES_AGGRESSIVE;
				GCC_WARN_UNUSED_FUNCTION = YES;
				GCC_WARN_UNUSED_VARIABLE = YES;
				IPHONEOS_DEPLOYMENT_TARGET = 15.5;
				MTL_ENABLE_DEBUG_INFO = INCLUDE_SOURCE;
				MTL_FAST_MATH = YES;
				ONLY_ACTIVE_ARCH = YES;
				SDKROOT = iphoneos;
				SWIFT_ACTIVE_COMPILATION_CONDITIONS = DEBUG;
				SWIFT_OPTIMIZATION_LEVEL = "-Onone";
			};
			name = Debug;
		};
		4B12C140289FFF6C00839A6F /* Release */ = {
			isa = XCBuildConfiguration;
			buildSettings = {
				ALWAYS_SEARCH_USER_PATHS = NO;
				CLANG_ANALYZER_NONNULL = YES;
				CLANG_ANALYZER_NUMBER_OBJECT_CONVERSION = YES_AGGRESSIVE;
				CLANG_CXX_LANGUAGE_STANDARD = "gnu++17";
				CLANG_ENABLE_MODULES = YES;
				CLANG_ENABLE_OBJC_ARC = YES;
				CLANG_ENABLE_OBJC_WEAK = YES;
				CLANG_WARN_BLOCK_CAPTURE_AUTORELEASING = YES;
				CLANG_WARN_BOOL_CONVERSION = YES;
				CLANG_WARN_COMMA = YES;
				CLANG_WARN_CONSTANT_CONVERSION = YES;
				CLANG_WARN_DEPRECATED_OBJC_IMPLEMENTATIONS = YES;
				CLANG_WARN_DIRECT_OBJC_ISA_USAGE = YES_ERROR;
				CLANG_WARN_DOCUMENTATION_COMMENTS = YES;
				CLANG_WARN_EMPTY_BODY = YES;
				CLANG_WARN_ENUM_CONVERSION = YES;
				CLANG_WARN_INFINITE_RECURSION = YES;
				CLANG_WARN_INT_CONVERSION = YES;
				CLANG_WARN_NON_LITERAL_NULL_CONVERSION = YES;
				CLANG_WARN_OBJC_IMPLICIT_RETAIN_SELF = YES;
				CLANG_WARN_OBJC_LITERAL_CONVERSION = YES;
				CLANG_WARN_OBJC_ROOT_CLASS = YES_ERROR;
				CLANG_WARN_QUOTED_INCLUDE_IN_FRAMEWORK_HEADER = YES;
				CLANG_WARN_RANGE_LOOP_ANALYSIS = YES;
				CLANG_WARN_STRICT_PROTOTYPES = YES;
				CLANG_WARN_SUSPICIOUS_MOVE = YES;
				CLANG_WARN_UNGUARDED_AVAILABILITY = YES_AGGRESSIVE;
				CLANG_WARN_UNREACHABLE_CODE = YES;
				CLANG_WARN__DUPLICATE_METHOD_MATCH = YES;
				COPY_PHASE_STRIP = NO;
				DEBUG_INFORMATION_FORMAT = "dwarf-with-dsym";
				ENABLE_NS_ASSERTIONS = NO;
				ENABLE_STRICT_OBJC_MSGSEND = YES;
				GCC_C_LANGUAGE_STANDARD = gnu11;
				GCC_NO_COMMON_BLOCKS = YES;
				GCC_WARN_64_TO_32_BIT_CONVERSION = YES;
				GCC_WARN_ABOUT_RETURN_TYPE = YES_ERROR;
				GCC_WARN_UNDECLARED_SELECTOR = YES;
				GCC_WARN_UNINITIALIZED_AUTOS = YES_AGGRESSIVE;
				GCC_WARN_UNUSED_FUNCTION = YES;
				GCC_WARN_UNUSED_VARIABLE = YES;
				IPHONEOS_DEPLOYMENT_TARGET = 15.5;
				MTL_ENABLE_DEBUG_INFO = NO;
				MTL_FAST_MATH = YES;
				SDKROOT = iphoneos;
				SWIFT_COMPILATION_MODE = wholemodule;
				SWIFT_OPTIMIZATION_LEVEL = "-O";
				VALIDATE_PRODUCT = YES;
			};
			name = Release;
		};
		4B12C142289FFF6C00839A6F /* Debug */ = {
			isa = XCBuildConfiguration;
			buildSettings = {
				ASSETCATALOG_COMPILER_APPICON_NAME = AppIcon;
				ASSETCATALOG_COMPILER_GLOBAL_ACCENT_COLOR_NAME = AccentColor;
				CODE_SIGN_STYLE = Automatic;
				CURRENT_PROJECT_VERSION = 1;
				GENERATE_INFOPLIST_FILE = YES;
				INFOPLIST_FILE = SwipePageControl/Info.plist;
				INFOPLIST_KEY_UIApplicationSupportsIndirectInputEvents = YES;
				INFOPLIST_KEY_UILaunchStoryboardName = LaunchScreen;
				INFOPLIST_KEY_UIMainStoryboardFile = Main;
				INFOPLIST_KEY_UISupportedInterfaceOrientations_iPad = "UIInterfaceOrientationPortrait UIInterfaceOrientationPortraitUpsideDown UIInterfaceOrientationLandscapeLeft UIInterfaceOrientationLandscapeRight";
				INFOPLIST_KEY_UISupportedInterfaceOrientations_iPhone = "UIInterfaceOrientationPortrait UIInterfaceOrientationLandscapeLeft UIInterfaceOrientationLandscapeRight";
				LD_RUNPATH_SEARCH_PATHS = (
					"$(inherited)",
					"@executable_path/Frameworks",
				);
				MARKETING_VERSION = 1.0;
				PRODUCT_BUNDLE_IDENTIFIER = com.myProject.SwipePageControl;
				PRODUCT_NAME = "$(TARGET_NAME)";
				SWIFT_EMIT_LOC_STRINGS = YES;
				SWIFT_VERSION = 5.0;
				TARGETED_DEVICE_FAMILY = "1,2";
			};
			name = Debug;
		};
		4B12C143289FFF6C00839A6F /* Release */ = {
			isa = XCBuildConfiguration;
			buildSettings = {
				ASSETCATALOG_COMPILER_APPICON_NAME = AppIcon;
				ASSETCATALOG_COMPILER_GLOBAL_ACCENT_COLOR_NAME = AccentColor;
				CODE_SIGN_STYLE = Automatic;
				CURRENT_PROJECT_VERSION = 1;
				GENERATE_INFOPLIST_FILE = YES;
				INFOPLIST_FILE = SwipePageControl/Info.plist;
				INFOPLIST_KEY_UIApplicationSupportsIndirectInputEvents = YES;
				INFOPLIST_KEY_UILaunchStoryboardName = LaunchScreen;
				INFOPLIST_KEY_UIMainStoryboardFile = Main;
				INFOPLIST_KEY_UISupportedInterfaceOrientations_iPad = "UIInterfaceOrientationPortrait UIInterfaceOrientationPortraitUpsideDown UIInterfaceOrientationLandscapeLeft UIInterfaceOrientationLandscapeRight";
				INFOPLIST_KEY_UISupportedInterfaceOrientations_iPhone = "UIInterfaceOrientationPortrait UIInterfaceOrientationLandscapeLeft UIInterfaceOrientationLandscapeRight";
				LD_RUNPATH_SEARCH_PATHS = (
					"$(inherited)",
					"@executable_path/Frameworks",
				);
				MARKETING_VERSION = 1.0;
				PRODUCT_BUNDLE_IDENTIFIER = com.myProject.SwipePageControl;
				PRODUCT_NAME = "$(TARGET_NAME)";
				SWIFT_EMIT_LOC_STRINGS = YES;
				SWIFT_VERSION = 5.0;
				TARGETED_DEVICE_FAMILY = "1,2";
			};
			name = Release;
		};
/* End XCBuildConfiguration section */

/* Begin XCConfigurationList section */
		4B12C128289FFF6B00839A6F /* Build configuration list for PBXProject "SwipePageControl" */ = {
			isa = XCConfigurationList;
			buildConfigurations = (
				4B12C13F289FFF6C00839A6F /* Debug */,
				4B12C140289FFF6C00839A6F /* Release */,
			);
			defaultConfigurationIsVisible = 0;
			defaultConfigurationName = Release;
		};
		4B12C141289FFF6C00839A6F /* Build configuration list for PBXNativeTarget "SwipePageControl" */ = {
			isa = XCConfigurationList;
			buildConfigurations = (
				4B12C142289FFF6C00839A6F /* Debug */,
				4B12C143289FFF6C00839A6F /* Release */,
			);
			defaultConfigurationIsVisible = 0;
			defaultConfigurationName = Release;
		};
/* End XCConfigurationList section */
	};
	rootObject = 4B12C125289FFF6B00839A6F /* Project object */;
}
